
Microsoft Visual Studio Solution File, Format Version 12.00
# Visual Studio 14
VisualStudioVersion = 14.0.23107.0
MinimumVisualStudioVersion = 10.0.40219.1
Project("{2150E333-8FDC-42A3-9474-1A3956D46DE8}") = "Examples", "Examples", "{E9B581D2-6866-4DC5-A76B-A77E1218F4F0}"
EndProject
Project("{F2A71F9B-5D33-465A-A702-920D77279786}") = "SmallSharpLibrary", "SmallSharpLibrary\SmallSharpLibrary.fsproj", "{19EE3104-CE97-4D3C-8063-DF3E42E67DD8}"
EndProject
Project("{F2A71F9B-5D33-465A-A702-920D77279786}") = "HelloWorld", "Examples\HelloWorld\HelloWorld.fsproj", "{B7BE55CF-2883-4CB9-BB99-497967957342}"
EndProject
Project("{F2A71F9B-5D33-465A-A702-920D77279786}") = "Turtle", "Examples\Turtle\Turtle.fsproj", "{A1C2CFF6-F8E9-4641-AFBE-F1947807C0B9}"
EndProject
Project("{FAE04EC0-301F-11D3-BF4B-00C04F79EFBC}") = "CSharp", "Examples\CSharp\CSharp.csproj", "{7AC58086-035D-44AB-866D-FAAE59163BAF}"
EndProject
Project("{F2A71F9B-5D33-465A-A702-920D77279786}") = "Checkout", "Examples\Checkout\Checkout.fsproj", "{FA2EF81B-3811-472C-8F8A-A6C0BC992A97}"
EndProject
Project("{F2A71F9B-5D33-465A-A702-920D77279786}") = "Lines", "Examples\Lines\Lines.fsproj", "{05C2F8B6-93C8-4A21-BB01-2768BB627598}"
EndProject
Project("{F2A71F9B-5D33-465A-A702-920D77279786}") = "Nataraja", "Examples\Nataraja\Nataraja.fsproj", "{25E08896-7F35-438D-B425-0BECCD418107}"
EndProject
Project("{F2A71F9B-5D33-465A-A702-920D77279786}") = "Bubbles", "Examples\Bubbles\Bubbles.fsproj", "{CB27274E-05CC-45DD-907E-549BC8DC11C1}"
EndProject
Project("{F2A71F9B-5D33-465A-A702-920D77279786}") = "FlappyBird", "Examples\FlappyBird\FlappyBird.fsproj", "{00F5AD09-08F1-4A90-BBC1-9B812ABA57CF}"
EndProject
Project("{F2A71F9B-5D33-465A-A702-920D77279786}") = "Paddle", "Examples\Paddle\Paddle.fsproj", "{86FBE85C-7E77-4D0C-8D00-E398FCAEBFDD}"
EndProject
Project("{F2A71F9B-5D33-465A-A702-920D77279786}") = "Paint", "Examples\Paint\Paint.fsproj", "{B28089D2-72FA-4DEB-8BA9-97847BA4A290}"
EndProject
Project("{F2A71F9B-5D33-465A-A702-920D77279786}") = "Asteroids", "Examples\Asteroids\Asteroids.fsproj", "{74FF1625-66E6-41CB-84E6-8328F960AA89}"
EndProject
Project("{F2A71F9B-5D33-465A-A702-920D77279786}") = "Calculator", "Examples\Calculator\Calculator.fsproj", "{8DB88B5B-A966-4413-8BD8-B28F560594A0}"
EndProject
Project("{F2A71F9B-5D33-465A-A702-920D77279786}") = "Tetris", "Examples\Tetris\Tetris.fsproj", "{F4B15008-B678-4B1D-B386-1B386EC82FF7}"
EndProject
Project("{F2A71F9B-5D33-465A-A702-920D77279786}") = "TurtleDodger", "Examples\TurtleDodger\TurtleDodger.fsproj", "{052A1F24-75CB-4973-AFD3-CC467BF18190}"
EndProject
Project("{F2A71F9B-5D33-465A-A702-920D77279786}") = "MiniGolf", "MiniGolf\MiniGolf.fsproj", "{6B0A862F-B65B-4722-AC3E-B03440EC23B2}"
EndProject
Global
	GlobalSection(SolutionConfigurationPlatforms) = preSolution
		Debug|Any CPU = Debug|Any CPU
		Debug|Mixed Platforms = Debug|Mixed Platforms
		Debug|x86 = Debug|x86
		Release|Any CPU = Release|Any CPU
		Release|Mixed Platforms = Release|Mixed Platforms
		Release|x86 = Release|x86
	EndGlobalSection
	GlobalSection(ProjectConfigurationPlatforms) = postSolution
		{19EE3104-CE97-4D3C-8063-DF3E42E67DD8}.Debug|Any CPU.ActiveCfg = Debug|Any CPU
		{19EE3104-CE97-4D3C-8063-DF3E42E67DD8}.Debug|Any CPU.Build.0 = Debug|Any CPU
		{19EE3104-CE97-4D3C-8063-DF3E42E67DD8}.Debug|Mixed Platforms.ActiveCfg = Debug|Any CPU
		{19EE3104-CE97-4D3C-8063-DF3E42E67DD8}.Debug|Mixed Platforms.Build.0 = Debug|Any CPU
		{19EE3104-CE97-4D3C-8063-DF3E42E67DD8}.Debug|x86.ActiveCfg = Debug|Any CPU
		{19EE3104-CE97-4D3C-8063-DF3E42E67DD8}.Release|Any CPU.ActiveCfg = Release|Any CPU
		{19EE3104-CE97-4D3C-8063-DF3E42E67DD8}.Release|Any CPU.Build.0 = Release|Any CPU
		{19EE3104-CE97-4D3C-8063-DF3E42E67DD8}.Release|Mixed Platforms.ActiveCfg = Release|Any CPU
		{19EE3104-CE97-4D3C-8063-DF3E42E67DD8}.Release|Mixed Platforms.Build.0 = Release|Any CPU
		{19EE3104-CE97-4D3C-8063-DF3E42E67DD8}.Release|x86.ActiveCfg = Release|Any CPU
		{B7BE55CF-2883-4CB9-BB99-497967957342}.Debug|Any CPU.ActiveCfg = Debug|x86
		{B7BE55CF-2883-4CB9-BB99-497967957342}.Debug|Mixed Platforms.ActiveCfg = Debug|x86
		{B7BE55CF-2883-4CB9-BB99-497967957342}.Debug|Mixed Platforms.Build.0 = Debug|x86
		{B7BE55CF-2883-4CB9-BB99-497967957342}.Debug|x86.ActiveCfg = Debug|x86
		{B7BE55CF-2883-4CB9-BB99-497967957342}.Debug|x86.Build.0 = Debug|x86
		{B7BE55CF-2883-4CB9-BB99-497967957342}.Release|Any CPU.ActiveCfg = Release|x86
		{B7BE55CF-2883-4CB9-BB99-497967957342}.Release|Mixed Platforms.ActiveCfg = Release|x86
		{B7BE55CF-2883-4CB9-BB99-497967957342}.Release|Mixed Platforms.Build.0 = Release|x86
		{B7BE55CF-2883-4CB9-BB99-497967957342}.Release|x86.ActiveCfg = Release|x86
		{B7BE55CF-2883-4CB9-BB99-497967957342}.Release|x86.Build.0 = Release|x86
		{A1C2CFF6-F8E9-4641-AFBE-F1947807C0B9}.Debug|Any CPU.ActiveCfg = Debug|x86
		{A1C2CFF6-F8E9-4641-AFBE-F1947807C0B9}.Debug|Mixed Platforms.ActiveCfg = Debug|x86
		{A1C2CFF6-F8E9-4641-AFBE-F1947807C0B9}.Debug|Mixed Platforms.Build.0 = Debug|x86
		{A1C2CFF6-F8E9-4641-AFBE-F1947807C0B9}.Debug|x86.ActiveCfg = Debug|x86
		{A1C2CFF6-F8E9-4641-AFBE-F1947807C0B9}.Debug|x86.Build.0 = Debug|x86
		{A1C2CFF6-F8E9-4641-AFBE-F1947807C0B9}.Release|Any CPU.ActiveCfg = Release|x86
		{A1C2CFF6-F8E9-4641-AFBE-F1947807C0B9}.Release|Mixed Platforms.ActiveCfg = Release|x86
		{A1C2CFF6-F8E9-4641-AFBE-F1947807C0B9}.Release|Mixed Platforms.Build.0 = Release|x86
		{A1C2CFF6-F8E9-4641-AFBE-F1947807C0B9}.Release|x86.ActiveCfg = Release|x86
		{A1C2CFF6-F8E9-4641-AFBE-F1947807C0B9}.Release|x86.Build.0 = Release|x86
		{7AC58086-035D-44AB-866D-FAAE59163BAF}.Debug|Any CPU.ActiveCfg = Debug|x86
		{7AC58086-035D-44AB-866D-FAAE59163BAF}.Debug|Mixed Platforms.ActiveCfg = Debug|x86
		{7AC58086-035D-44AB-866D-FAAE59163BAF}.Debug|Mixed Platforms.Build.0 = Debug|x86
		{7AC58086-035D-44AB-866D-FAAE59163BAF}.Debug|x86.ActiveCfg = Debug|x86
		{7AC58086-035D-44AB-866D-FAAE59163BAF}.Debug|x86.Build.0 = Debug|x86
		{7AC58086-035D-44AB-866D-FAAE59163BAF}.Release|Any CPU.ActiveCfg = Release|x86
		{7AC58086-035D-44AB-866D-FAAE59163BAF}.Release|Mixed Platforms.ActiveCfg = Release|x86
		{7AC58086-035D-44AB-866D-FAAE59163BAF}.Release|Mixed Platforms.Build.0 = Release|x86
		{7AC58086-035D-44AB-866D-FAAE59163BAF}.Release|x86.ActiveCfg = Release|x86
		{7AC58086-035D-44AB-866D-FAAE59163BAF}.Release|x86.Build.0 = Release|x86
		{FA2EF81B-3811-472C-8F8A-A6C0BC992A97}.Debug|Any CPU.ActiveCfg = Debug|x86
		{FA2EF81B-3811-472C-8F8A-A6C0BC992A97}.Debug|Mixed Platforms.ActiveCfg = Debug|x86
		{FA2EF81B-3811-472C-8F8A-A6C0BC992A97}.Debug|Mixed Platforms.Build.0 = Debug|x86
		{FA2EF81B-3811-472C-8F8A-A6C0BC992A97}.Debug|x86.ActiveCfg = Debug|x86
		{FA2EF81B-3811-472C-8F8A-A6C0BC992A97}.Debug|x86.Build.0 = Debug|x86
		{FA2EF81B-3811-472C-8F8A-A6C0BC992A97}.Release|Any CPU.ActiveCfg = Release|x86
		{FA2EF81B-3811-472C-8F8A-A6C0BC992A97}.Release|Mixed Platforms.ActiveCfg = Release|x86
		{FA2EF81B-3811-472C-8F8A-A6C0BC992A97}.Release|Mixed Platforms.Build.0 = Release|x86
		{FA2EF81B-3811-472C-8F8A-A6C0BC992A97}.Release|x86.ActiveCfg = Release|x86
		{FA2EF81B-3811-472C-8F8A-A6C0BC992A97}.Release|x86.Build.0 = Release|x86
		{05C2F8B6-93C8-4A21-BB01-2768BB627598}.Debug|Any CPU.ActiveCfg = Debug|Any CPU
		{05C2F8B6-93C8-4A21-BB01-2768BB627598}.Debug|Any CPU.Build.0 = Debug|Any CPU
		{05C2F8B6-93C8-4A21-BB01-2768BB627598}.Debug|Mixed Platforms.ActiveCfg = Debug|Any CPU
		{05C2F8B6-93C8-4A21-BB01-2768BB627598}.Debug|Mixed Platforms.Build.0 = Debug|Any CPU
		{05C2F8B6-93C8-4A21-BB01-2768BB627598}.Debug|x86.ActiveCfg = Debug|Any CPU
		{05C2F8B6-93C8-4A21-BB01-2768BB627598}.Release|Any CPU.ActiveCfg = Release|Any CPU
		{05C2F8B6-93C8-4A21-BB01-2768BB627598}.Release|Any CPU.Build.0 = Release|Any CPU
		{05C2F8B6-93C8-4A21-BB01-2768BB627598}.Release|Mixed Platforms.ActiveCfg = Release|Any CPU
		{05C2F8B6-93C8-4A21-BB01-2768BB627598}.Release|Mixed Platforms.Build.0 = Release|Any CPU
		{05C2F8B6-93C8-4A21-BB01-2768BB627598}.Release|x86.ActiveCfg = Release|Any CPU
		{25E08896-7F35-438D-B425-0BECCD418107}.Debug|Any CPU.ActiveCfg = Debug|Any CPU
		{25E08896-7F35-438D-B425-0BECCD418107}.Debug|Any CPU.Build.0 = Debug|Any CPU
		{25E08896-7F35-438D-B425-0BECCD418107}.Debug|Mixed Platforms.ActiveCfg = Debug|Any CPU
		{25E08896-7F35-438D-B425-0BECCD418107}.Debug|Mixed Platforms.Build.0 = Debug|Any CPU
		{25E08896-7F35-438D-B425-0BECCD418107}.Debug|x86.ActiveCfg = Debug|Any CPU
		{25E08896-7F35-438D-B425-0BECCD418107}.Release|Any CPU.ActiveCfg = Release|Any CPU
		{25E08896-7F35-438D-B425-0BECCD418107}.Release|Any CPU.Build.0 = Release|Any CPU
		{25E08896-7F35-438D-B425-0BECCD418107}.Release|Mixed Platforms.ActiveCfg = Release|Any CPU
		{25E08896-7F35-438D-B425-0BECCD418107}.Release|Mixed Platforms.Build.0 = Release|Any CPU
		{25E08896-7F35-438D-B425-0BECCD418107}.Release|x86.ActiveCfg = Release|Any CPU
		{CB27274E-05CC-45DD-907E-549BC8DC11C1}.Debug|Any CPU.ActiveCfg = Debug|Any CPU
		{CB27274E-05CC-45DD-907E-549BC8DC11C1}.Debug|Any CPU.Build.0 = Debug|Any CPU
		{CB27274E-05CC-45DD-907E-549BC8DC11C1}.Debug|Mixed Platforms.ActiveCfg = Debug|Any CPU
		{CB27274E-05CC-45DD-907E-549BC8DC11C1}.Debug|Mixed Platforms.Build.0 = Debug|Any CPU
		{CB27274E-05CC-45DD-907E-549BC8DC11C1}.Debug|x86.ActiveCfg = Debug|Any CPU
		{CB27274E-05CC-45DD-907E-549BC8DC11C1}.Release|Any CPU.ActiveCfg = Release|Any CPU
		{CB27274E-05CC-45DD-907E-549BC8DC11C1}.Release|Any CPU.Build.0 = Release|Any CPU
		{CB27274E-05CC-45DD-907E-549BC8DC11C1}.Release|Mixed Platforms.ActiveCfg = Release|Any CPU
		{CB27274E-05CC-45DD-907E-549BC8DC11C1}.Release|Mixed Platforms.Build.0 = Release|Any CPU
		{CB27274E-05CC-45DD-907E-549BC8DC11C1}.Release|x86.ActiveCfg = Release|Any CPU
		{00F5AD09-08F1-4A90-BBC1-9B812ABA57CF}.Debug|Any CPU.ActiveCfg = Debug|Any CPU
		{00F5AD09-08F1-4A90-BBC1-9B812ABA57CF}.Debug|Any CPU.Build.0 = Debug|Any CPU
		{00F5AD09-08F1-4A90-BBC1-9B812ABA57CF}.Debug|Mixed Platforms.ActiveCfg = Debug|Any CPU
		{00F5AD09-08F1-4A90-BBC1-9B812ABA57CF}.Debug|Mixed Platforms.Build.0 = Debug|Any CPU
		{00F5AD09-08F1-4A90-BBC1-9B812ABA57CF}.Debug|x86.ActiveCfg = Debug|Any CPU
		{00F5AD09-08F1-4A90-BBC1-9B812ABA57CF}.Release|Any CPU.ActiveCfg = Release|Any CPU
		{00F5AD09-08F1-4A90-BBC1-9B812ABA57CF}.Release|Any CPU.Build.0 = Release|Any CPU
		{00F5AD09-08F1-4A90-BBC1-9B812ABA57CF}.Release|Mixed Platforms.ActiveCfg = Release|Any CPU
		{00F5AD09-08F1-4A90-BBC1-9B812ABA57CF}.Release|Mixed Platforms.Build.0 = Release|Any CPU
		{00F5AD09-08F1-4A90-BBC1-9B812ABA57CF}.Release|x86.ActiveCfg = Release|Any CPU
		{86FBE85C-7E77-4D0C-8D00-E398FCAEBFDD}.Debug|Any CPU.ActiveCfg = Debug|Any CPU
		{86FBE85C-7E77-4D0C-8D00-E398FCAEBFDD}.Debug|Any CPU.Build.0 = Debug|Any CPU
		{86FBE85C-7E77-4D0C-8D00-E398FCAEBFDD}.Debug|Mixed Platforms.ActiveCfg = Debug|Any CPU
		{86FBE85C-7E77-4D0C-8D00-E398FCAEBFDD}.Debug|Mixed Platforms.Build.0 = Debug|Any CPU
		{86FBE85C-7E77-4D0C-8D00-E398FCAEBFDD}.Debug|x86.ActiveCfg = Debug|Any CPU
		{86FBE85C-7E77-4D0C-8D00-E398FCAEBFDD}.Release|Any CPU.ActiveCfg = Release|Any CPU
		{86FBE85C-7E77-4D0C-8D00-E398FCAEBFDD}.Release|Any CPU.Build.0 = Release|Any CPU
		{86FBE85C-7E77-4D0C-8D00-E398FCAEBFDD}.Release|Mixed Platforms.ActiveCfg = Release|Any CPU
		{86FBE85C-7E77-4D0C-8D00-E398FCAEBFDD}.Release|Mixed Platforms.Build.0 = Release|Any CPU
		{86FBE85C-7E77-4D0C-8D00-E398FCAEBFDD}.Release|x86.ActiveCfg = Release|Any CPU
		{B28089D2-72FA-4DEB-8BA9-97847BA4A290}.Debug|Any CPU.ActiveCfg = Debug|Any CPU
		{B28089D2-72FA-4DEB-8BA9-97847BA4A290}.Debug|Any CPU.Build.0 = Debug|Any CPU
		{B28089D2-72FA-4DEB-8BA9-97847BA4A290}.Debug|Mixed Platforms.ActiveCfg = Debug|Any CPU
		{B28089D2-72FA-4DEB-8BA9-97847BA4A290}.Debug|Mixed Platforms.Build.0 = Debug|Any CPU
		{B28089D2-72FA-4DEB-8BA9-97847BA4A290}.Debug|x86.ActiveCfg = Debug|Any CPU
		{B28089D2-72FA-4DEB-8BA9-97847BA4A290}.Release|Any CPU.ActiveCfg = Release|Any CPU
		{B28089D2-72FA-4DEB-8BA9-97847BA4A290}.Release|Any CPU.Build.0 = Release|Any CPU
		{B28089D2-72FA-4DEB-8BA9-97847BA4A290}.Release|Mixed Platforms.ActiveCfg = Release|Any CPU
		{B28089D2-72FA-4DEB-8BA9-97847BA4A290}.Release|Mixed Platforms.Build.0 = Release|Any CPU
		{B28089D2-72FA-4DEB-8BA9-97847BA4A290}.Release|x86.ActiveCfg = Release|Any CPU
		{74FF1625-66E6-41CB-84E6-8328F960AA89}.Debug|Any CPU.ActiveCfg = Debug|Any CPU
		{74FF1625-66E6-41CB-84E6-8328F960AA89}.Debug|Any CPU.Build.0 = Debug|Any CPU
		{74FF1625-66E6-41CB-84E6-8328F960AA89}.Debug|Mixed Platforms.ActiveCfg = Debug|Any CPU
		{74FF1625-66E6-41CB-84E6-8328F960AA89}.Debug|Mixed Platforms.Build.0 = Debug|Any CPU
		{74FF1625-66E6-41CB-84E6-8328F960AA89}.Debug|x86.ActiveCfg = Debug|Any CPU
		{74FF1625-66E6-41CB-84E6-8328F960AA89}.Release|Any CPU.ActiveCfg = Release|Any CPU
		{74FF1625-66E6-41CB-84E6-8328F960AA89}.Release|Any CPU.Build.0 = Release|Any CPU
		{74FF1625-66E6-41CB-84E6-8328F960AA89}.Release|Mixed Platforms.ActiveCfg = Release|Any CPU
		{74FF1625-66E6-41CB-84E6-8328F960AA89}.Release|Mixed Platforms.Build.0 = Release|Any CPU
		{74FF1625-66E6-41CB-84E6-8328F960AA89}.Release|x86.ActiveCfg = Release|Any CPU
		{8DB88B5B-A966-4413-8BD8-B28F560594A0}.Debug|Any CPU.ActiveCfg = Debug|Any CPU
		{8DB88B5B-A966-4413-8BD8-B28F560594A0}.Debug|Any CPU.Build.0 = Debug|Any CPU
		{8DB88B5B-A966-4413-8BD8-B28F560594A0}.Debug|Mixed Platforms.ActiveCfg = Debug|Any CPU
		{8DB88B5B-A966-4413-8BD8-B28F560594A0}.Debug|Mixed Platforms.Build.0 = Debug|Any CPU
		{8DB88B5B-A966-4413-8BD8-B28F560594A0}.Debug|x86.ActiveCfg = Debug|Any CPU
		{8DB88B5B-A966-4413-8BD8-B28F560594A0}.Release|Any CPU.ActiveCfg = Release|Any CPU
		{8DB88B5B-A966-4413-8BD8-B28F560594A0}.Release|Any CPU.Build.0 = Release|Any CPU
		{8DB88B5B-A966-4413-8BD8-B28F560594A0}.Release|Mixed Platforms.ActiveCfg = Release|Any CPU
		{8DB88B5B-A966-4413-8BD8-B28F560594A0}.Release|Mixed Platforms.Build.0 = Release|Any CPU
		{8DB88B5B-A966-4413-8BD8-B28F560594A0}.Release|x86.ActiveCfg = Release|Any CPU
		{F4B15008-B678-4B1D-B386-1B386EC82FF7}.Debug|Any CPU.ActiveCfg = Debug|Any CPU
		{F4B15008-B678-4B1D-B386-1B386EC82FF7}.Debug|Any CPU.Build.0 = Debug|Any CPU
		{F4B15008-B678-4B1D-B386-1B386EC82FF7}.Debug|Mixed Platforms.ActiveCfg = Debug|Any CPU
		{F4B15008-B678-4B1D-B386-1B386EC82FF7}.Debug|Mixed Platforms.Build.0 = Debug|Any CPU
		{F4B15008-B678-4B1D-B386-1B386EC82FF7}.Debug|x86.ActiveCfg = Debug|Any CPU
		{F4B15008-B678-4B1D-B386-1B386EC82FF7}.Release|Any CPU.ActiveCfg = Release|Any CPU
		{F4B15008-B678-4B1D-B386-1B386EC82FF7}.Release|Any CPU.Build.0 = Release|Any CPU
		{F4B15008-B678-4B1D-B386-1B386EC82FF7}.Release|Mixed Platforms.ActiveCfg = Release|Any CPU
		{F4B15008-B678-4B1D-B386-1B386EC82FF7}.Release|Mixed Platforms.Build.0 = Release|Any CPU
		{F4B15008-B678-4B1D-B386-1B386EC82FF7}.Release|x86.ActiveCfg = Release|Any CPU
		{052A1F24-75CB-4973-AFD3-CC467BF18190}.Debug|Any CPU.ActiveCfg = Debug|Any CPU
		{052A1F24-75CB-4973-AFD3-CC467BF18190}.Debug|Any CPU.Build.0 = Debug|Any CPU
		{052A1F24-75CB-4973-AFD3-CC467BF18190}.Debug|Mixed Platforms.ActiveCfg = Debug|Any CPU
		{052A1F24-75CB-4973-AFD3-CC467BF18190}.Debug|Mixed Platforms.Build.0 = Debug|Any CPU
		{052A1F24-75CB-4973-AFD3-CC467BF18190}.Debug|x86.ActiveCfg = Debug|Any CPU
		{052A1F24-75CB-4973-AFD3-CC467BF18190}.Release|Any CPU.ActiveCfg = Release|Any CPU
		{052A1F24-75CB-4973-AFD3-CC467BF18190}.Release|Any CPU.Build.0 = Release|Any CPU
		{052A1F24-75CB-4973-AFD3-CC467BF18190}.Release|Mixed Platforms.ActiveCfg = Release|Any CPU
		{052A1F24-75CB-4973-AFD3-CC467BF18190}.Release|Mixed Platforms.Build.0 = Release|Any CPU
		{052A1F24-75CB-4973-AFD3-CC467BF18190}.Release|x86.ActiveCfg = Release|Any CPU
		{6B0A862F-B65B-4722-AC3E-B03440EC23B2}.Debug|Any CPU.ActiveCfg = Debug|Any CPU
		{6B0A862F-B65B-4722-AC3E-B03440EC23B2}.Debug|Any CPU.Build.0 = Debug|Any CPU
		{6B0A862F-B65B-4722-AC3E-B03440EC23B2}.Debug|Mixed Platforms.ActiveCfg = Debug|Any CPU
		{6B0A862F-B65B-4722-AC3E-B03440EC23B2}.Debug|Mixed Platforms.Build.0 = Debug|Any CPU
		{6B0A862F-B65B-4722-AC3E-B03440EC23B2}.Debug|x86.ActiveCfg = Debug|Any CPU
		{6B0A862F-B65B-4722-AC3E-B03440EC23B2}.Debug|x86.Build.0 = Debug|Any CPU
		{6B0A862F-B65B-4722-AC3E-B03440EC23B2}.Release|Any CPU.ActiveCfg = Release|Any CPU
		{6B0A862F-B65B-4722-AC3E-B03440EC23B2}.Release|Any CPU.Build.0 = Release|Any CPU
		{6B0A862F-B65B-4722-AC3E-B03440EC23B2}.Release|Mixed Platforms.ActiveCfg = Release|Any CPU
		{6B0A862F-B65B-4722-AC3E-B03440EC23B2}.Release|Mixed Platforms.Build.0 = Release|Any CPU
		{6B0A862F-B65B-4722-AC3E-B03440EC23B2}.Release|x86.ActiveCfg = Release|Any CPU
		{6B0A862F-B65B-4722-AC3E-B03440EC23B2}.Release|x86.Build.0 = Release|Any CPU
	EndGlobalSection
	GlobalSection(SolutionProperties) = preSolution
		HideSolutionNode = FALSE
	EndGlobalSection
	GlobalSection(NestedProjects) = preSolution
		{B7BE55CF-2883-4CB9-BB99-497967957342} = {E9B581D2-6866-4DC5-A76B-A77E1218F4F0}
		{A1C2CFF6-F8E9-4641-AFBE-F1947807C0B9} = {E9B581D2-6866-4DC5-A76B-A77E1218F4F0}
		{7AC58086-035D-44AB-866D-FAAE59163BAF} = {E9B581D2-6866-4DC5-A76B-A77E1218F4F0}
		{FA2EF81B-3811-472C-8F8A-A6C0BC992A97} = {E9B581D2-6866-4DC5-A76B-A77E1218F4F0}
		{05C2F8B6-93C8-4A21-BB01-2768BB627598} = {E9B581D2-6866-4DC5-A76B-A77E1218F4F0}
		{25E08896-7F35-438D-B425-0BECCD418107} = {E9B581D2-6866-4DC5-A76B-A77E1218F4F0}
		{CB27274E-05CC-45DD-907E-549BC8DC11C1} = {E9B581D2-6866-4DC5-A76B-A77E1218F4F0}
		{00F5AD09-08F1-4A90-BBC1-9B812ABA57CF} = {E9B581D2-6866-4DC5-A76B-A77E1218F4F0}
		{86FBE85C-7E77-4D0C-8D00-E398FCAEBFDD} = {E9B581D2-6866-4DC5-A76B-A77E1218F4F0}
		{B28089D2-72FA-4DEB-8BA9-97847BA4A290} = {E9B581D2-6866-4DC5-A76B-A77E1218F4F0}
		{74FF1625-66E6-41CB-84E6-8328F960AA89} = {E9B581D2-6866-4DC5-A76B-A77E1218F4F0}
		{8DB88B5B-A966-4413-8BD8-B28F560594A0} = {E9B581D2-6866-4DC5-A76B-A77E1218F4F0}
		{F4B15008-B678-4B1D-B386-1B386EC82FF7} = {E9B581D2-6866-4DC5-A76B-A77E1218F4F0}
		{052A1F24-75CB-4973-AFD3-CC467BF18190} = {E9B581D2-6866-4DC5-A76B-A77E1218F4F0}
		{6B0A862F-B65B-4722-AC3E-B03440EC23B2} = {E9B581D2-6866-4DC5-A76B-A77E1218F4F0}
	EndGlobalSection
EndGlobal
